
Microsoft Visual Studio Solution File, Format Version 12.00
# Visual Studio Version 17
VisualStudioVersion = 17.2.32616.157
MinimumVisualStudioVersion = 10.0.40219.1
Project("{9A19103F-16F7-4668-BE54-9A1E7A4F7556}") = "FirsTest", "FirsTest\FirsTest.csproj", "{C9B8F66D-BD5F-494E-937C-125619A3E384}"
EndProject
Project("{9A19103F-16F7-4668-BE54-9A1E7A4F7556}") = "SeleniumLearning", "SeleniumLearning\SeleniumLearning.csproj", "{2D502E64-244C-48DD-B98A-1E6985DE5CD3}"
EndProject
Project("{FAE04EC0-301F-11D3-BF4B-00C04F79EFBC}") = "CSharpSelFramework", "CSharpSelFramework\CSharpSelFramework.csproj", "{14837E53-66E3-4470-A0FC-B1CECDC80A4B}"
EndProject
Global
	GlobalSection(SolutionConfigurationPlatforms) = preSolution
		Debug|Any CPU = Debug|Any CPU
		Release|Any CPU = Release|Any CPU
	EndGlobalSection
	GlobalSection(ProjectConfigurationPlatforms) = postSolution
		{C9B8F66D-BD5F-494E-937C-125619A3E384}.Debug|Any CPU.ActiveCfg = Debug|Any CPU
		{C9B8F66D-BD5F-494E-937C-125619A3E384}.Debug|Any CPU.Build.0 = Debug|Any CPU
		{C9B8F66D-BD5F-494E-937C-125619A3E384}.Release|Any CPU.ActiveCfg = Release|Any CPU
		{C9B8F66D-BD5F-494E-937C-125619A3E384}.Release|Any CPU.Build.0 = Release|Any CPU
		{2D502E64-244C-48DD-B98A-1E6985DE5CD3}.Debug|Any CPU.ActiveCfg = Debug|Any CPU
		{2D502E64-244C-48DD-B98A-1E6985DE5CD3}.Debug|Any CPU.Build.0 = Debug|Any CPU
		{2D502E64-244C-48DD-B98A-1E6985DE5CD3}.Release|Any CPU.ActiveCfg = Release|Any CPU
		{2D502E64-244C-48DD-B98A-1E6985DE5CD3}.Release|Any CPU.Build.0 = Release|Any CPU
		{14837E53-66E3-4470-A0FC-B1CECDC80A4B}.Debug|Any CPU.ActiveCfg = Debug|Any CPU
		{14837E53-66E3-4470-A0FC-B1CECDC80A4B}.Debug|Any CPU.Build.0 = Debug|Any CPU
		{14837E53-66E3-4470-A0FC-B1CECDC80A4B}.Release|Any CPU.ActiveCfg = Release|Any CPU
		{14837E53-66E3-4470-A0FC-B1CECDC80A4B}.Release|Any CPU.Build.0 = Release|Any CPU
	EndGlobalSection
	GlobalSection(SolutionProperties) = preSolution
		HideSolutionNode = FALSE
	EndGlobalSection
	GlobalSection(ExtensibilityGlobals) = postSolution
		SolutionGuid = {88C39058-CB16-4A16-AC21-1DF8390EF93E}
	EndGlobalSection
EndGlobal
